Microsoft Visual Studio Solution File, Format Version 12.00
# Visual Studio Version 17
VisualStudioVersion = 17.5.2.0
MinimumVisualStudioVersion = 10.0.40219.1
Project("{FAE04EC0-301F-11D3-BF4B-00C04F79EFBC}") = "kandoku", "kandoku.csproj", "{8CE07206-A210-8500-FAF3-E9E56C66BBFF}"
EndProject
Global
	GlobalSection(SolutionConfigurationPlatforms) = preSolution
		Debug|Any CPU = Debug|Any CPU
		Release|Any CPU = Release|Any CPU
	EndGlobalSection
	GlobalSection(ProjectConfigurationPlatforms) = postSolution
		{8CE07206-A210-8500-FAF3-E9E56C66BBFF}.Debug|Any CPU.ActiveCfg = Debug|Any CPU
		{8CE07206-A210-8500-FAF3-E9E56C66BBFF}.Debug|Any CPU.Build.0 = Debug|Any CPU
		{8CE07206-A210-8500-FAF3-E9E56C66BBFF}.Release|Any CPU.ActiveCfg = Release|Any CPU
		{8CE07206-A210-8500-FAF3-E9E56C66BBFF}.Release|Any CPU.Build.0 = Release|Any CPU
	EndGlobalSection
	GlobalSection(SolutionProperties) = preSolution
		HideSolutionNode = FALSE
	EndGlobalSection
	GlobalSection(ExtensibilityGlobals) = postSolution
		SolutionGuid = {956076A9-8793-4C37-8B90-5AE5376A4FB3}
	EndGlobalSection
EndGlobal
